
Microsoft Visual Studio Solution File, Format Version 12.00
# Visual Studio Version 16
VisualStudioVersion = 16.0.31112.23
MinimumVisualStudioVersion = 10.0.40219.1
Project("{FAE04EC0-301F-11D3-BF4B-00C04F79EFBC}") = "NETCore.Basic.Domain", "NETCore.Basic.Domain\NETCore.Basic.Domain.csproj", "{EE7A32B1-B833-4E40-A1E6-A49BA7AF2C14}"
EndProject
Project("{FAE04EC0-301F-11D3-BF4B-00C04F79EFBC}") = "NETCore.Basic.Repository", "NETCore.Basic.Repository\NETCore.Basic.Repository.csproj", "{799A74B3-CAEE-490F-B0C0-9589D648136F}"
EndProject
Project("{FAE04EC0-301F-11D3-BF4B-00C04F79EFBC}") = "NETCore.Basic.API", "NETCore.Basic.API\NETCore.Basic.API.csproj", "{0C6B20A3-CEAD-4F25-8D0A-B02D8D79E358}"
EndProject
Project("{FAE04EC0-301F-11D3-BF4B-00C04F79EFBC}") = "NETCore.Basic.Util", "NETCore.Basic.Util\NETCore.Basic.Util.csproj", "{1D63E314-E11B-43A8-95A8-E9341F764105}"
EndProject
Project("{FAE04EC0-301F-11D3-BF4B-00C04F79EFBC}") = "NETCore.Basic.Services", "NETCore.Basic.Services\NETCore.Basic.Services.csproj", "{C7983D0A-11E5-4636-BF60-5F0034361EE4}"
EndProject
Project("{FAE04EC0-301F-11D3-BF4B-00C04F79EFBC}") = "NETCore.Basic.Tests", "NETCore.Basic.Tests\NETCore.Basic.Tests.csproj", "{C77DA374-FBBB-40FB-A1A3-7EB6D5235C0E}"
EndProject
Global
	GlobalSection(SolutionConfigurationPlatforms) = preSolution
		Debug|Any CPU = Debug|Any CPU
		Release|Any CPU = Release|Any CPU
	EndGlobalSection
	GlobalSection(ProjectConfigurationPlatforms) = postSolution
		{EE7A32B1-B833-4E40-A1E6-A49BA7AF2C14}.Debug|Any CPU.ActiveCfg = Debug|Any CPU
		{EE7A32B1-B833-4E40-A1E6-A49BA7AF2C14}.Debug|Any CPU.Build.0 = Debug|Any CPU
		{EE7A32B1-B833-4E40-A1E6-A49BA7AF2C14}.Release|Any CPU.ActiveCfg = Release|Any CPU
		{EE7A32B1-B833-4E40-A1E6-A49BA7AF2C14}.Release|Any CPU.Build.0 = Release|Any CPU
		{799A74B3-CAEE-490F-B0C0-9589D648136F}.Debug|Any CPU.ActiveCfg = Debug|Any CPU
		{799A74B3-CAEE-490F-B0C0-9589D648136F}.Debug|Any CPU.Build.0 = Debug|Any CPU
		{799A74B3-CAEE-490F-B0C0-9589D648136F}.Release|Any CPU.ActiveCfg = Release|Any CPU
		{799A74B3-CAEE-490F-B0C0-9589D648136F}.Release|Any CPU.Build.0 = Release|Any CPU
		{0C6B20A3-CEAD-4F25-8D0A-B02D8D79E358}.Debug|Any CPU.ActiveCfg = Debug|Any CPU
		{0C6B20A3-CEAD-4F25-8D0A-B02D8D79E358}.Debug|Any CPU.Build.0 = Debug|Any CPU
		{0C6B20A3-CEAD-4F25-8D0A-B02D8D79E358}.Release|Any CPU.ActiveCfg = Release|Any CPU
		{0C6B20A3-CEAD-4F25-8D0A-B02D8D79E358}.Release|Any CPU.Build.0 = Release|Any CPU
		{1D63E314-E11B-43A8-95A8-E9341F764105}.Debug|Any CPU.ActiveCfg = Debug|Any CPU
		{1D63E314-E11B-43A8-95A8-E9341F764105}.Debug|Any CPU.Build.0 = Debug|Any CPU
		{1D63E314-E11B-43A8-95A8-E9341F764105}.Release|Any CPU.ActiveCfg = Release|Any CPU
		{1D63E314-E11B-43A8-95A8-E9341F764105}.Release|Any CPU.Build.0 = Release|Any CPU
		{C7983D0A-11E5-4636-BF60-5F0034361EE4}.Debug|Any CPU.ActiveCfg = Debug|Any CPU
		{C7983D0A-11E5-4636-BF60-5F0034361EE4}.Debug|Any CPU.Build.0 = Debug|Any CPU
		{C7983D0A-11E5-4636-BF60-5F0034361EE4}.Release|Any CPU.ActiveCfg = Release|Any CPU
		{C7983D0A-11E5-4636-BF60-5F0034361EE4}.Release|Any CPU.Build.0 = Release|Any CPU
		{C77DA374-FBBB-40FB-A1A3-7EB6D5235C0E}.Debug|Any CPU.ActiveCfg = Debug|Any CPU
		{C77DA374-FBBB-40FB-A1A3-7EB6D5235C0E}.Debug|Any CPU.Build.0 = Debug|Any CPU
		{C77DA374-FBBB-40FB-A1A3-7EB6D5235C0E}.Release|Any CPU.ActiveCfg = Release|Any CPU
		{C77DA374-FBBB-40FB-A1A3-7EB6D5235C0E}.Release|Any CPU.Build.0 = Release|Any CPU
	EndGlobalSection
	GlobalSection(SolutionProperties) = preSolution
		HideSolutionNode = FALSE
	EndGlobalSection
	GlobalSection(ExtensibilityGlobals) = postSolution
		SolutionGuid = {1918E734-AD9C-4C77-BEEA-B9F44393F0A6}
	EndGlobalSection
EndGlobal
